// !$*UTF8*$!
{
	archiveVersion = 1;
	classes = {
	};
	objectVersion = 46;
	objects = {

/* Begin PBXBuildFile section */
		D462DF601C31D13300FB31E5 /* AppDelegate.swift in Sources */ = {isa = PBXBuildFile; fileRef = D462DF5F1C31D13300FB31E5 /* AppDelegate.swift */; };
		D462DF621C31D13300FB31E5 /* ViewController.swift in Sources */ = {isa = PBXBuildFile; fileRef = D462DF611C31D13300FB31E5 /* ViewController.swift */; };
		D462DF651C31D13300FB31E5 /* Main.storyboard in Resources */ = {isa = PBXBuildFile; fileRef = D462DF631C31D13300FB31E5 /* Main.storyboard */; };
		D462DF671C31D13400FB31E5 /* Assets.xcassets in Resources */ = {isa = PBXBuildFile; fileRef = D462DF661C31D13400FB31E5 /* Assets.xcassets */; };
		D462DF6A1C31D13400FB31E5 /* LaunchScreen.storyboard in Resources */ = {isa = PBXBuildFile; fileRef = D462DF681C31D13400FB31E5 /* LaunchScreen.storyboard */; };
		D462DF751C31D13500FB31E5 /* tipsTests.swift in Sources */ = {isa = PBXBuildFile; fileRef = D462DF741C31D13500FB31E5 /* tipsTests.swift */; };
		D462DF801C31D13500FB31E5 /* tipsUITests.swift in Sources */ = {isa = PBXBuildFile; fileRef = D462DF7F1C31D13500FB31E5 /* tipsUITests.swift */; };
		D462DF8E1C3234EF00FB31E5 /* SettingsViewController.swift in Sources */ = {isa = PBXBuildFile; fileRef = D462DF8D1C3234EF00FB31E5 /* SettingsViewController.swift */; };
		D462DF901C324BF700FB31E5 /* SettingsTableViewCell.swift in Sources */ = {isa = PBXBuildFile; fileRef = D462DF8F1C324BF700FB31E5 /* SettingsTableViewCell.swift */; };
		D462DF921C324C1F00FB31E5 /* SplitTotalTableViewCell.swift in Sources */ = {isa = PBXBuildFile; fileRef = D462DF911C324C1F00FB31E5 /* SplitTotalTableViewCell.swift */; };
		D462DF951C335BFE00FB31E5 /* SwitchCellTableViewCell.swift in Sources */ = {isa = PBXBuildFile; fileRef = D462DF941C335BFE00FB31E5 /* SwitchCellTableViewCell.swift */; };
		D462DF971C335DE200FB31E5 /* Localizable.strings in Resources */ = {isa = PBXBuildFile; fileRef = D462DF961C335DE100FB31E5 /* Localizable.strings */; };
/* End PBXBuildFile section */

/* Begin PBXContainerItemProxy section */
		D462DF711C31D13500FB31E5 /* PBXContainerItemProxy */ = {
			isa = PBXContainerItemProxy;
			containerPortal = D462DF541C31D13200FB31E5 /* Project object */;
			proxyType = 1;
			remoteGlobalIDString = D462DF5B1C31D13300FB31E5;
			remoteInfo = tips;
		};
		D462DF7C1C31D13500FB31E5 /* PBXContainerItemProxy */ = {
			isa = PBXContainerItemProxy;
			containerPortal = D462DF541C31D13200FB31E5 /* Project object */;
			proxyType = 1;
			remoteGlobalIDString = D462DF5B1C31D13300FB31E5;
			remoteInfo = tips;
		};
/* End PBXContainerItemProxy section */

/* Begin PBXFileReference section */
		D462DF5C1C31D13300FB31E5 /* tips.app */ = {isa = PBXFileReference; explicitFileType = wrapper.application; includeInIndex = 0; path = tips.app; sourceTree = BUILT_PRODUCTS_DIR; };
		D462DF5F1C31D13300FB31E5 /* AppDelegate.swift */ = {isa = PBXFileReference; lastKnownFileType = sourcecode.swift; path = AppDelegate.swift; sourceTree = "<group>"; };
		D462DF611C31D13300FB31E5 /* ViewController.swift */ = {isa = PBXFileReference; lastKnownFileType = sourcecode.swift; path = ViewController.swift; sourceTree = "<group>"; };
		D462DF641C31D13300FB31E5 /* Base */ = {isa = PBXFileReference; lastKnownFileType = file.storyboard; name = Base; path = Base.lproj/Main.storyboard; sourceTree = "<group>"; };
		D462DF661C31D13400FB31E5 /* Assets.xcassets */ = {isa = PBXFileReference; lastKnownFileType = folder.assetcatalog; path = Assets.xcassets; sourceTree = "<group>"; };
		D462DF691C31D13400FB31E5 /* Base */ = {isa = PBXFileReference; lastKnownFileType = file.storyboard; name = Base; path = Base.lproj/LaunchScreen.storyboard; sourceTree = "<group>"; };
		D462DF6B1C31D13400FB31E5 /* Info.plist */ = {isa = PBXFileReference; lastKnownFileType = text.plist.xml; path = Info.plist; sourceTree = "<group>"; };
		D462DF701C31D13500FB31E5 /* tipsTests.xctest */ = {isa = PBXFileReference; explicitFileType = wrapper.cfbundle; includeInIndex = 0; path = tipsTests.xctest; sourceTree = BUILT_PRODUCTS_DIR; };
		D462DF741C31D13500FB31E5 /* tipsTests.swift */ = {isa = PBXFileReference; lastKnownFileType = sourcecode.swift; path = tipsTests.swift; sourceTree = "<group>"; };
		D462DF761C31D13500FB31E5 /* Info.plist */ = {isa = PBXFileReference; lastKnownFileType = text.plist.xml; path = Info.plist; sourceTree = "<group>"; };
		D462DF7B1C31D13500FB31E5 /* tipsUITests.xctest */ = {isa = PBXFileReference; explicitFileType = wrapper.cfbundle; includeInIndex = 0; path = tipsUITests.xctest; sourceTree = BUILT_PRODUCTS_DIR; };
		D462DF7F1C31D13500FB31E5 /* tipsUITests.swift */ = {isa = PBXFileReference; lastKnownFileType = sourcecode.swift; path = tipsUITests.swift; sourceTree = "<group>"; };
		D462DF811C31D13500FB31E5 /* Info.plist */ = {isa = PBXFileReference; lastKnownFileType = text.plist.xml; path = Info.plist; sourceTree = "<group>"; };
		D462DF8D1C3234EF00FB31E5 /* SettingsViewController.swift */ = {isa = PBXFileReference; fileEncoding = 4; lastKnownFileType = sourcecode.swift; path = SettingsViewController.swift; sourceTree = "<group>"; };
		D462DF8F1C324BF700FB31E5 /* SettingsTableViewCell.swift */ = {isa = PBXFileReference; fileEncoding = 4; lastKnownFileType = sourcecode.swift; path = SettingsTableViewCell.swift; sourceTree = "<group>"; };
		D462DF911C324C1F00FB31E5 /* SplitTotalTableViewCell.swift */ = {isa = PBXFileReference; fileEncoding = 4; lastKnownFileType = sourcecode.swift; path = SplitTotalTableViewCell.swift; sourceTree = "<group>"; };
		D462DF941C335BFE00FB31E5 /* SwitchCellTableViewCell.swift */ = {isa = PBXFileReference; fileEncoding = 4; lastKnownFileType = sourcecode.swift; path = SwitchCellTableViewCell.swift; sourceTree = "<group>"; };
		D462DF961C335DE100FB31E5 /* Localizable.strings */ = {isa = PBXFileReference; fileEncoding = 4; lastKnownFileType = text.plist.strings; path = Localizable.strings; sourceTree = "<group>"; };
/* End PBXFileReference section */

/* Begin PBXFrameworksBuildPhase section */
		D462DF591C31D13300FB31E5 /* Frameworks */ = {
			isa = PBXFrameworksBuildPhase;
			buildActionMask = 2147483647;
			files = (
			);
			runOnlyForDeploymentPostprocessing = 0;
		};
		D462DF6D1C31D13500FB31E5 /* Frameworks */ = {
			isa = PBXFrameworksBuildPhase;
			buildActionMask = 2147483647;
			files = (
			);
			runOnlyForDeploymentPostprocessing = 0;
		};
		D462DF781C31D13500FB31E5 /* Frameworks */ = {
			isa = PBXFrameworksBuildPhase;
			buildActionMask = 2147483647;
			files = (
			);
			runOnlyForDeploymentPostprocessing = 0;
		};
/* End PBXFrameworksBuildPhase section */

/* Begin PBXGroup section */
		D462DF531C31D13200FB31E5 = {
			isa = PBXGroup;
			children = (
				D462DF5E1C31D13300FB31E5 /* tips */,
				D462DF731C31D13500FB31E5 /* tipsTests */,
				D462DF7E1C31D13500FB31E5 /* tipsUITests */,
				D462DF5D1C31D13300FB31E5 /* Products */,
			);
			sourceTree = "<group>";
		};
		D462DF5D1C31D13300FB31E5 /* Products */ = {
			isa = PBXGroup;
			children = (
				D462DF5C1C31D13300FB31E5 /* tips.app */,
				D462DF701C31D13500FB31E5 /* tipsTests.xctest */,
				D462DF7B1C31D13500FB31E5 /* tipsUITests.xctest */,
			);
			name = Products;
			sourceTree = "<group>";
		};
		D462DF5E1C31D13300FB31E5 /* tips */ = {
			isa = PBXGroup;
			children = (
				D462DF5F1C31D13300FB31E5 /* AppDelegate.swift */,
				D462DF611C31D13300FB31E5 /* ViewController.swift */,
				D462DF8D1C3234EF00FB31E5 /* SettingsViewController.swift */,
				D462DF931C325E2500FB31E5 /* TableViewCells */,
				D462DF631C31D13300FB31E5 /* Main.storyboard */,
				D462DF661C31D13400FB31E5 /* Assets.xcassets */,
				D462DF681C31D13400FB31E5 /* LaunchScreen.storyboard */,
				D462DF6B1C31D13400FB31E5 /* Info.plist */,
				D462DF961C335DE100FB31E5 /* Localizable.strings */,
			);
			path = tips;
			sourceTree = "<group>";
		};
		D462DF731C31D13500FB31E5 /* tipsTests */ = {
			isa = PBXGroup;
			children = (
				D462DF741C31D13500FB31E5 /* tipsTests.swift */,
				D462DF761C31D13500FB31E5 /* Info.plist */,
			);
			path = tipsTests;
			sourceTree = "<group>";
		};
		D462DF7E1C31D13500FB31E5 /* tipsUITests */ = {
			isa = PBXGroup;
			children = (
				D462DF7F1C31D13500FB31E5 /* tipsUITests.swift */,
				D462DF811C31D13500FB31E5 /* Info.plist */,
			);
			path = tipsUITests;
			sourceTree = "<group>";
		};
		D462DF931C325E2500FB31E5 /* TableViewCells */ = {
			isa = PBXGroup;
			children = (
				D462DF8F1C324BF700FB31E5 /* SettingsTableViewCell.swift */,
				D462DF911C324C1F00FB31E5 /* SplitTotalTableViewCell.swift */,
				D462DF941C335BFE00FB31E5 /* SwitchCellTableViewCell.swift */,
			);
			name = TableViewCells;
			sourceTree = "<group>";
		};
/* End PBXGroup section */

/* Begin PBXNativeTarget section */
		D462DF5B1C31D13300FB31E5 /* tips */ = {
			isa = PBXNativeTarget;
			buildConfigurationList = D462DF841C31D13500FB31E5 /* Build configuration list for PBXNativeTarget "tips" */;
			buildPhases = (
				D462DF581C31D13300FB31E5 /* Sources */,
				D462DF591C31D13300FB31E5 /* Frameworks */,
				D462DF5A1C31D13300FB31E5 /* Resources */,
			);
			buildRules = (
			);
			dependencies = (
			);
			name = tips;
			productName = tips;
			productReference = D462DF5C1C31D13300FB31E5 /* tips.app */;
			productType = "com.apple.product-type.application";
		};
		D462DF6F1C31D13500FB31E5 /* tipsTests */ = {
			isa = PBXNativeTarget;
			buildConfigurationList = D462DF871C31D13500FB31E5 /* Build configuration list for PBXNativeTarget "tipsTests" */;
			buildPhases = (
				D462DF6C1C31D13500FB31E5 /* Sources */,
				D462DF6D1C31D13500FB31E5 /* Frameworks */,
				D462DF6E1C31D13500FB31E5 /* Resources */,
			);
			buildRules = (
			);
			dependencies = (
				D462DF721C31D13500FB31E5 /* PBXTargetDependency */,
			);
			name = tipsTests;
			productName = tipsTests;
			productReference = D462DF701C31D13500FB31E5 /* tipsTests.xctest */;
			productType = "com.apple.product-type.bundle.unit-test";
		};
		D462DF7A1C31D13500FB31E5 /* tipsUITests */ = {
			isa = PBXNativeTarget;
			buildConfigurationList = D462DF8A1C31D13500FB31E5 /* Build configuration list for PBXNativeTarget "tipsUITests" */;
			buildPhases = (
				D462DF771C31D13500FB31E5 /* Sources */,
				D462DF781C31D13500FB31E5 /* Frameworks */,
				D462DF791C31D13500FB31E5 /* Resources */,
			);
			buildRules = (
			);
			dependencies = (
				D462DF7D1C31D13500FB31E5 /* PBXTargetDependency */,
			);
			name = tipsUITests;
			productName = tipsUITests;
			productReference = D462DF7B1C31D13500FB31E5 /* tipsUITests.xctest */;
			productType = "com.apple.product-type.bundle.ui-testing";
		};
/* End PBXNativeTarget section */

/* Begin PBXProject section */
		D462DF541C31D13200FB31E5 /* Project object */ = {
			isa = PBXProject;
			attributes = {
				LastSwiftUpdateCheck = 0710;
				LastUpgradeCheck = 0710;
				ORGANIZATIONNAME = johns;
				TargetAttributes = {
					D462DF5B1C31D13300FB31E5 = {
						CreatedOnToolsVersion = 7.1.1;
						DevelopmentTeam = E4C32GQA73;
					};
					D462DF6F1C31D13500FB31E5 = {
						CreatedOnToolsVersion = 7.1.1;
						TestTargetID = D462DF5B1C31D13300FB31E5;
					};
					D462DF7A1C31D13500FB31E5 = {
						CreatedOnToolsVersion = 7.1.1;
						TestTargetID = D462DF5B1C31D13300FB31E5;
					};
				};
			};
			buildConfigurationList = D462DF571C31D13200FB31E5 /* Build configuration list for PBXProject "tips" */;
			compatibilityVersion = "Xcode 3.2";
			developmentRegion = English;
			hasScannedForEncodings = 0;
			knownRegions = (
				en,
				Base,
			);
			mainGroup = D462DF531C31D13200FB31E5;
			productRefGroup = D462DF5D1C31D13300FB31E5 /* Products */;
			projectDirPath = "";
			projectRoot = "";
			targets = (
				D462DF5B1C31D13300FB31E5 /* tips */,
				D462DF6F1C31D13500FB31E5 /* tipsTests */,
				D462DF7A1C31D13500FB31E5 /* tipsUITests */,
			);
		};
/* End PBXProject section */

/* Begin PBXResourcesBuildPhase section */
		D462DF5A1C31D13300FB31E5 /* Resources */ = {
			isa = PBXResourcesBuildPhase;
			buildActionMask = 2147483647;
			files = (
				D462DF6A1C31D13400FB31E5 /* LaunchScreen.storyboard in Resources */,
				D462DF971C335DE200FB31E5 /* Localizable.strings in Resources */,
				D462DF671C31D13400FB31E5 /* Assets.xcassets in Resources */,
				D462DF651C31D13300FB31E5 /* Main.storyboard in Resources */,
			);
			runOnlyForDeploymentPostprocessing = 0;
		};
		D462DF6E1C31D13500FB31E5 /* Resources */ = {
			isa = PBXResourcesBuildPhase;
			buildActionMask = 2147483647;
			files = (
			);
			runOnlyForDeploymentPostprocessing = 0;
		};
		D462DF791C31D13500FB31E5 /* Resources */ = {
			isa = PBXResourcesBuildPhase;
			buildActionMask = 2147483647;
			files = (
			);
			runOnlyForDeploymentPostprocessing = 0;
		};
/* End PBXResourcesBuildPhase section */

/* Begin PBXSourcesBuildPhase section */
		D462DF581C31D13300FB31E5 /* Sources */ = {
			isa = PBXSourcesBuildPhase;
			buildActionMask = 2147483647;
			files = (
				D462DF621C31D13300FB31E5 /* ViewController.swift in Sources */,
				D462DF951C335BFE00FB31E5 /* SwitchCellTableViewCell.swift in Sources */,
				D462DF921C324C1F00FB31E5 /* SplitTotalTableViewCell.swift in Sources */,
				D462DF601C31D13300FB31E5 /* AppDelegate.swift in Sources */,
				D462DF901C324BF700FB31E5 /* SettingsTableViewCell.swift in Sources */,
				D462DF8E1C3234EF00FB31E5 /* SettingsViewController.swift in Sources */,
			);
			runOnlyForDeploymentPostprocessing = 0;
		};
		D462DF6C1C31D13500FB31E5 /* Sources */ = {
			isa = PBXSourcesBuildPhase;
			buildActionMask = 2147483647;
			files = (
				D462DF751C31D13500FB31E5 /* tipsTests.swift in Sources */,
			);
			runOnlyForDeploymentPostprocessing = 0;
		};
		D462DF771C31D13500FB31E5 /* Sources */ = {
			isa = PBXSourcesBuildPhase;
			buildActionMask = 2147483647;
			files = (
				D462DF801C31D13500FB31E5 /* tipsUITests.swift in Sources */,
			);
			runOnlyForDeploymentPostprocessing = 0;
		};
/* End PBXSourcesBuildPhase section */

/* Begin PBXTargetDependency section */
		D462DF721C31D13500FB31E5 /* PBXTargetDependency */ = {
			isa = PBXTargetDependency;
			target = D462DF5B1C31D13300FB31E5 /* tips */;
			targetProxy = D462DF711C31D13500FB31E5 /* PBXContainerItemProxy */;
		};
		D462DF7D1C31D13500FB31E5 /* PBXTargetDependency */ = {
			isa = PBXTargetDependency;
			target = D462DF5B1C31D13300FB31E5 /* tips */;
			targetProxy = D462DF7C1C31D13500FB31E5 /* PBXContainerItemProxy */;
		};
/* End PBXTargetDependency section */

/* Begin PBXVariantGroup section */
		D462DF631C31D13300FB31E5 /* Main.storyboard */ = {
			isa = PBXVariantGroup;
			children = (
				D462DF641C31D13300FB31E5 /* Base */,
			);
			name = Main.storyboard;
			sourceTree = "<group>";
		};
		D462DF681C31D13400FB31E5 /* LaunchScreen.storyboard */ = {
			isa = PBXVariantGroup;
			children = (
				D462DF691C31D13400FB31E5 /* Base */,
			);
			name = LaunchScreen.storyboard;
			sourceTree = "<group>";
		};
/* End PBXVariantGroup section */

/* Begin XCBuildConfiguration section */
		D462DF821C31D13500FB31E5 /* Debug */ = {
			isa = XCBuildConfiguration;
			buildSettings = {
				ALWAYS_SEARCH_USER_PATHS = NO;
				CLANG_CXX_LANGUAGE_STANDARD = "gnu++0x";
				CLANG_CXX_LIBRARY = "libc++";
				CLANG_ENABLE_MODULES = YES;
				CLANG_ENABLE_OBJC_ARC = YES;
				CLANG_WARN_BOOL_CONVERSION = YES;
				CLANG_WARN_CONSTANT_CONVERSION = YES;
				CLANG_WARN_DIRECT_OBJC_ISA_USAGE = YES_ERROR;
				CLANG_WARN_EMPTY_BODY = YES;
				CLANG_WARN_ENUM_CONVERSION = YES;
				CLANG_WARN_INT_CONVERSION = YES;
				CLANG_WARN_OBJC_ROOT_CLASS = YES_ERROR;
				CLANG_WARN_UNREACHABLE_CODE = YES;
				CLANG_WARN__DUPLICATE_METHOD_MATCH = YES;
				"CODE_SIGN_IDENTITY[sdk=iphoneos*]" = "iPhone Developer";
				COPY_PHASE_STRIP = NO;
				DEBUG_INFORMATION_FORMAT = dwarf;
				ENABLE_STRICT_OBJC_MSGSEND = YES;
				ENABLE_TESTABILITY = YES;
				GCC_C_LANGUAGE_STANDARD = gnu99;
				GCC_DYNAMIC_NO_PIC = NO;
				GCC_NO_COMMON_BLOCKS = YES;
				GCC_OPTIMIZATION_LEVEL = 0;
				GCC_PREPROCESSOR_DEFINITIONS = (
					"DEBUG=1",
					"$(inherited)",
				);
				GCC_WARN_64_TO_32_BIT_CONVERSION = YES;
				GCC_WARN_ABOUT_RETURN_TYPE = YES_ERROR;
				GCC_WARN_UNDECLARED_SELECTOR = YES;
				GCC_WARN_UNINITIALIZED_AUTOS = YES_AGGRESSIVE;
				GCC_WARN_UNUSED_FUNCTION = YES;
				GCC_WARN_UNUSED_VARIABLE = YES;
				IPHONEOS_DEPLOYMENT_TARGET = 9.1;
				MTL_ENABLE_DEBUG_INFO = YES;
				ONLY_ACTIVE_ARCH = YES;
				SDKROOT = iphoneos;
				SWIFT_OPTIMIZATION_LEVEL = "-Onone";
			};
			name = Debug;
		};
		D462DF831C31D13500FB31E5 /* Release */ = {
			isa = XCBuildConfiguration;
			buildSettings = {
				ALWAYS_SEARCH_USER_PATHS = NO;
				CLANG_CXX_LANGUAGE_STANDARD = "gnu++0x";
				CLANG_CXX_LIBRARY = "libc++";
				CLANG_ENABLE_MODULES = YES;
				CLANG_ENABLE_OBJC_ARC = YES;
				CLANG_WARN_BOOL_CONVERSION = YES;
				CLANG_WARN_CONSTANT_CONVERSION = YES;
				CLANG_WARN_DIRECT_OBJC_ISA_USAGE = YES_ERROR;
				CLANG_WARN_EMPTY_BODY = YES;
				CLANG_WARN_ENUM_CONVERSION = YES;
				CLANG_WARN_INT_CONVERSION = YES;
				CLANG_WARN_OBJC_ROOT_CLASS = YES_ERROR;
				CLANG_WARN_UNREACHABLE_CODE = YES;
				CLANG_WARN__DUPLICATE_METHOD_MATCH = YES;
				"CODE_SIGN_IDENTITY[sdk=iphoneos*]" = "iPhone Developer";
				COPY_PHASE_STRIP = NO;
				DEBUG_INFORMATION_FORMAT = "dwarf-with-dsym";
				ENABLE_NS_ASSERTIONS = NO;
				ENABLE_STRICT_OBJC_MSGSEND = YES;
				GCC_C_LANGUAGE_STANDARD = gnu99;
				GCC_NO_COMMON_BLOCKS = YES;
				GCC_WARN_64_TO_32_BIT_CONVERSION = YES;
				GCC_WARN_ABOUT_RETURN_TYPE = YES_ERROR;
				GCC_WARN_UNDECLARED_SELECTOR = YES;
				GCC_WARN_UNINITIALIZED_AUTOS = YES_AGGRESSIVE;
				GCC_WARN_UNUSED_FUNCTION = YES;
				GCC_WARN_UNUSED_VARIABLE = YES;
				IPHONEOS_DEPLOYMENT_TARGET = 9.1;
				MTL_ENABLE_DEBUG_INFO = NO;
				SDKROOT = iphoneos;
				VALIDATE_PRODUCT = YES;
			};
			name = Release;
		};
		D462DF851C31D13500FB31E5 /* Debug */ = {
			isa = XCBuildConfiguration;
			buildSettings = {
				ASSETCATALOG_COMPILER_APPICON_NAME = AppIcon;
				CODE_SIGN_IDENTITY = "iPhone Developer";
				"CODE_SIGN_IDENTITY[sdk=iphoneos*]" = "iPhone Developer";
				INFOPLIST_FILE = tips/Info.plist;
				LD_RUNPATH_SEARCH_PATHS = "$(inherited) @executable_path/Frameworks";
				PRODUCT_BUNDLE_IDENTIFIER = com.johns.tips;
				PRODUCT_NAME = "$(TARGET_NAME)";
				PROVISIONING_PROFILE = "";
			};
			name = Debug;
		};
		D462DF861C31D13500FB31E5 /* Release */ = {
			isa = XCBuildConfiguration;
			buildSettings = {
				ASSETCATALOG_COMPILER_APPICON_NAME = AppIcon;
				CODE_SIGN_IDENTITY = "iPhone Developer";
				"CODE_SIGN_IDENTITY[sdk=iphoneos*]" = "iPhone Developer";
				INFOPLIST_FILE = tips/Info.plist;
				LD_RUNPATH_SEARCH_PATHS = "$(inherited) @executable_path/Frameworks";
				PRODUCT_BUNDLE_IDENTIFIER = com.johns.tips;
				PRODUCT_NAME = "$(TARGET_NAME)";
				PROVISIONING_PROFILE = "";
			};
			name = Release;
		};
		D462DF881C31D13500FB31E5 /* Debug */ = {
			isa = XCBuildConfiguration;
			buildSettings = {
				BUNDLE_LOADER = "$(TEST_HOST)";
				INFOPLIST_FILE = tipsTests/Info.plist;
				LD_RUNPATH_SEARCH_PATHS = "$(inherited) @executable_path/Frameworks @loader_path/Frameworks";
				PRODUCT_BUNDLE_IDENTIFIER = com.johns.tipsTests;
				PRODUCT_NAME = "$(TARGET_NAME)";
				TEST_HOST = "$(BUILT_PRODUCTS_DIR)/tips.app/tips";
			};
			name = Debug;
		};
		D462DF891C31D13500FB31E5 /* Release */ = {
			isa = XCBuildConfiguration;
			buildSettings = {
				BUNDLE_LOADER = "$(TEST_HOST)";
				INFOPLIST_FILE = tipsTests/Info.plist;
				LD_RUNPATH_SEARCH_PATHS = "$(inherited) @executable_path/Frameworks @loader_path/Frameworks";
				PRODUCT_BUNDLE_IDENTIFIER = com.johns.tipsTests;
				PRODUCT_NAME = "$(TARGET_NAME)";
				TEST_HOST = "$(BUILT_PRODUCTS_DIR)/tips.app/tips";
			};
			name = Release;
		};
		D462DF8B1C31D13500FB31E5 /* Debug */ = {
			isa = XCBuildConfiguration;
			buildSettings = {
				INFOPLIST_FILE = tipsUITests/Info.plist;
				LD_RUNPATH_SEARCH_PATHS = "$(inherited) @executable_path/Frameworks @loader_path/Frameworks";
				PRODUCT_BUNDLE_IDENTIFIER = com.johns.tipsUITests;
				PRODUCT_NAME = "$(TARGET_NAME)";
				TEST_TARGET_NAME = tips;
				USES_XCTRUNNER = YES;
			};
			name = Debug;
		};
		D462DF8C1C31D13500FB31E5 /* Release */ = {
			isa = XCBuildConfiguration;
			buildSettings = {
				INFOPLIST_FILE = tipsUITests/Info.plist;
				LD_RUNPATH_SEARCH_PATHS = "$(inherited) @executable_path/Frameworks @loader_path/Frameworks";
				PRODUCT_BUNDLE_IDENTIFIER = com.johns.tipsUITests;
				PRODUCT_NAME = "$(TARGET_NAME)";
				TEST_TARGET_NAME = tips;
				USES_XCTRUNNER = YES;
			};
			name = Release;
		};
/* End XCBuildConfiguration section */

/* Begin XCConfigurationList section */
		D462DF571C31D13200FB31E5 /* Build configuration list for PBXProject "tips" */ = {
			isa = XCConfigurationList;
			buildConfigurations = (
				D462DF821C31D13500FB31E5 /* Debug */,
				D462DF831C31D13500FB31E5 /* Release */,
			);
			defaultConfigurationIsVisible = 0;
			defaultConfigurationName = Release;
		};
		D462DF841C31D13500FB31E5 /* Build configuration list for PBXNativeTarget "tips" */ = {
			isa = XCConfigurationList;
			buildConfigurations = (
				D462DF851C31D13500FB31E5 /* Debug */,
				D462DF861C31D13500FB31E5 /* Release */,
			);
			defaultConfigurationIsVisible = 0;
		};
		D462DF871C31D13500FB31E5 /* Build configuration list for PBXNativeTarget "tipsTests" */ = {
			isa = XCConfigurationList;
			buildConfigurations = (
				D462DF881C31D13500FB31E5 /* Debug */,
				D462DF891C31D13500FB31E5 /* Release */,
			);
			defaultConfigurationIsVisible = 0;
		};
		D462DF8A1C31D13500FB31E5 /* Build configuration list for PBXNativeTarget "tipsUITests" */ = {
			isa = XCConfigurationList;
			buildConfigurations = (
				D462DF8B1C31D13500FB31E5 /* Debug */,
				D462DF8C1C31D13500FB31E5 /* Release */,
			);
			defaultConfigurationIsVisible = 0;
		};
/* End XCConfigurationList section */
	};
	rootObject = D462DF541C31D13200FB31E5 /* Project object */;
}
